
Microsoft Visual Studio Solution File, Format Version 12.00
# Visual Studio Version 16
VisualStudioVersion = 16.0.30711.63
MinimumVisualStudioVersion = 10.0.40219.1
Project("{F184B08F-C81C-45F6-A57F-5ABD9991F28F}") = "Extension_Spoofer", "Extension_Spoofer\Extension_Spoofer.vbproj", "{C9B7A913-8D97-479D-B584-B88886F536E5}"
EndProject
Global
	GlobalSection(SolutionConfigurationPlatforms) = preSolution
		Debug|Any CPU = Debug|Any CPU
		Release|Any CPU = Release|Any CPU
	EndGlobalSection
	GlobalSection(ProjectConfigurationPlatforms) = postSolution
		{C9B7A913-8D97-479D-B584-B88886F536E5}.Debug|Any CPU.ActiveCfg = Debug|Any CPU
		{C9B7A913-8D97-479D-B584-B88886F536E5}.Debug|Any CPU.Build.0 = Debug|Any CPU
		{C9B7A913-8D97-479D-B584-B88886F536E5}.Release|Any CPU.ActiveCfg = Release|Any CPU
		{C9B7A913-8D97-479D-B584-B88886F536E5}.Release|Any CPU.Build.0 = Release|Any CPU
	EndGlobalSection
	GlobalSection(SolutionProperties) = preSolution
		HideSolutionNode = FALSE
	EndGlobalSection
	GlobalSection(ExtensibilityGlobals) = postSolution
		SolutionGuid = {D9AA6790-E195-4F97-B701-2406AD948ABD}
	EndGlobalSection
EndGlobal
